
Microsoft Visual Studio Solution File, Format Version 12.00
# Visual Studio Version 16
VisualStudioVersion = 16.0.29418.71
MinimumVisualStudioVersion = 10.0.40219.1
Project("{FAE04EC0-301F-11D3-BF4B-00C04F79EFBC}") = "CalkRelay", "CalkRelay\CalkRelay.csproj", "{820843BD-670A-4A68-8670-E9139F29DE8E}"
EndProject
Project("{FAE04EC0-301F-11D3-BF4B-00C04F79EFBC}") = "StaticCalculations", "StaticCalkulations\StaticCalculations.csproj", "{402CCBC5-268D-48F2-A285-D628B32FF0E8}"
EndProject
Global
	GlobalSection(SolutionConfigurationPlatforms) = preSolution
		Debug|Any CPU = Debug|Any CPU
		Release|Any CPU = Release|Any CPU
	EndGlobalSection
	GlobalSection(ProjectConfigurationPlatforms) = postSolution
		{820843BD-670A-4A68-8670-E9139F29DE8E}.Debug|Any CPU.ActiveCfg = Debug|Any CPU
		{820843BD-670A-4A68-8670-E9139F29DE8E}.Debug|Any CPU.Build.0 = Debug|Any CPU
		{820843BD-670A-4A68-8670-E9139F29DE8E}.Release|Any CPU.ActiveCfg = Release|Any CPU
		{820843BD-670A-4A68-8670-E9139F29DE8E}.Release|Any CPU.Build.0 = Release|Any CPU
		{402CCBC5-268D-48F2-A285-D628B32FF0E8}.Debug|Any CPU.ActiveCfg = Debug|Any CPU
		{402CCBC5-268D-48F2-A285-D628B32FF0E8}.Debug|Any CPU.Build.0 = Debug|Any CPU
		{402CCBC5-268D-48F2-A285-D628B32FF0E8}.Release|Any CPU.ActiveCfg = Release|Any CPU
		{402CCBC5-268D-48F2-A285-D628B32FF0E8}.Release|Any CPU.Build.0 = Release|Any CPU
	EndGlobalSection
	GlobalSection(SolutionProperties) = preSolution
		HideSolutionNode = FALSE
	EndGlobalSection
	GlobalSection(ExtensibilityGlobals) = postSolution
		SolutionGuid = {2AB9EC05-734A-4A71-A5D7-6722702289CE}
	EndGlobalSection
EndGlobal
